# THIS IS AN AUTOGENERATED FILE. DO NOT EDIT THIS FILE DIRECTLY.
assets/customize.scss.liquid:
  development: 2018-07-13T10:37:41-05:00   315f4ee13143173294bbd38ded548529
assets/favicon.ico:
  development: 2018-06-04T17:39:45-05:00   0d564a15d343e7bdc9a4a827ccbc6e14
assets/gift-card.scss.liquid:
  development: 2018-03-04T13:35:38-06:00   0bb407a81abae03edaf20737e6eecee9
assets/jquery-1.10.0.min.js:
  development: 2018-03-04T13:35:38-06:00   674ac111eba0375a5e9bb7ed247add9e
assets/jquery.cart.min.js:
  development: 2018-03-04T13:35:38-06:00   4f5af6253c0590a20c227dcdaefdf950
assets/jquery.currencies.js:
  development: 2018-03-04T13:35:38-06:00   e762a942cddfee5c6e93502be82fe4d2
assets/loader.js:
  development: 2018-03-06T21:23:15-06:00   0000386354c0d6867d3723f007309321
assets/modernizr-2.7.1.min.js:
  development: 2018-03-04T13:35:39-06:00   e49e67ef07362fcfb0be107f8651f1d9
assets/no-image.png:
  development: 2018-03-04T13:35:39-06:00   dbcf571b95733efe9d94e4701fcc74a7
assets/no-image.svg:
  development: 2018-03-04T13:35:39-06:00   006f60890bb652d46e990d38e5600c15
assets/password.js.liquid:
  development: 2018-03-04T13:35:39-06:00   e757248187cfd4fd90ecfe17be850033
assets/plugins.js:
  development: 2018-04-05T14:05:21-05:00   b4720835f8846dcc3de5f623ae2bf747
assets/singleproductwebicons-regular.eot:
  development: 2018-03-04T13:35:39-06:00   cfadf8b6e9c55e486fba29c09ac2b329
assets/singleproductwebicons-regular.svg:
  development: 2018-03-04T13:35:39-06:00   3b208c35c56a81b278464aaebced7ca5
assets/singleproductwebicons-regular.ttf:
  development: 2018-03-04T13:35:39-06:00   073c9fe8a492a42b99f81cc36449c861
assets/singleproductwebicons-regular.woff:
  development: 2018-03-04T13:35:39-06:00   956068af159fab7807acd819c1c4a0c9
assets/socicon-webfont.eot:
  development: 2018-03-04T13:35:39-06:00   05cd0d5234cf9a02d181eedbdc8f5bc9
assets/socicon-webfont.svg:
  development: 2018-03-04T13:35:39-06:00   e299b1ea365bd18d896942d63b9769c5
assets/socicon-webfont.ttf:
  development: 2018-03-04T13:35:40-06:00   baff6b4bb622ae997add5b9db5bd1bc0
assets/socicon-webfont.woff:
  development: 2018-03-04T13:35:40-06:00   16b5db2f0474388f29b3d05fcf3621aa
assets/theme.js.liquid:
  development: 2018-07-11T16:48:33-05:00   34906aeb07c0f8287c2ace0a930835ac
assets/theme.scss.liquid:
  development: 2018-07-13T11:25:00-05:00   ddded03b597f64f709d8083afa1aba9f
config/settings_data.json:
  development: 2018-07-15T17:36:10-05:00   82bce0fb63d15c0dc846c7e10a1cfd52
config/settings_schema.json:
  development: 2018-03-04T13:35:42-06:00   f4ec663a254896ea2eb81dd353c17604
layout/theme.liquid:
  development: 2018-07-11T16:47:31-05:00   5408b9627fdff33620111cc217c1829a
layout/theme.test.liquid:
  development: 2018-05-09T15:03:52-05:00   65d51439a9dac9fa96a07eab26743951
locales/en.default.json:
  development: 2018-07-15T17:26:07-05:00   47e024c19ce5469dcf3415ffd1652b62
sections/1-ImgTextOverlay.liquid:
  development: 2018-04-30T09:46:43-05:00   3096425ec1b52f4d012f4be895381d6d
sections/1-NewButtonLightsTwinkle.liquid:
  development: 2018-04-20T11:07:53-05:00   f0e6acb62011da3b0a89bd1cbdbf1969
sections/1-accordion_2.liquid:
  development: 2018-06-29T12:33:16-05:00   a887fc3d6cb2e7687676c517603be2d3
sections/1-contentGrid.liquid:
  development: 2018-04-23T11:50:30-05:00   1b80458bd2883a3add3934d11b87a2ef
sections/1-flexbox-accordion.liquid:
  development: 2018-04-06T11:47:14-05:00   9c7093e3e01ab3956d7709c9fae1ebd6
sections/1-newTestimonials.liquid:
  development: 2018-06-28T14:41:16-05:00   eea4c4eb0d07044d3d04ab4f4c3e9208
sections/1-newbutton-ImgTextOverlay.liquid:
  development: 2018-05-18T10:02:35-05:00   01b27e0853e8fdd9dc0f45864ac8dc4d
sections/1-popup_iframVideo.liquid:
  development: 2018-07-14T15:53:16-05:00   e2d0bc1d7e79d27b994a97a8c360a151
sections/1-split-screen.liquid:
  development: 2018-04-02T10:02:18-05:00   12d47a4559ce4aaaa0d4da84b7837668
sections/1-testimonials_test.liquid:
  development: 2018-06-14T10:47:15-05:00   dbe4cf54526d8f3bb05b6ecc7f448180
sections/2-app-alternatingContent.liquid:
  development: 2018-07-14T16:03:28-05:00   cb3c6646a9a488b3c7bd6d4a9f523bc6
sections/2-app-compatible.liquid:
  development: 2018-07-14T16:38:23-05:00   19f62c6de6b1551842fc79c0a05988c1
sections/2-app-imageText01.liquid:
  development: 2018-07-10T15:22:13-05:00   aca9b6ab52775b948d59bec5bd4efad2
sections/2-app-imageText02.liquid:
  development: 2018-06-22T17:25:55-05:00   0ee3655237ba8512cce64a6b540e9265
sections/2-app-lazyVideo.liquid:
  development: 2018-07-14T16:42:12-05:00   1ce05936ddf06e3fa922513fa576e696
sections/2-app-songLib-2.liquid:
  development: 2018-07-15T15:34:33-05:00   b9503193af5e2cc0f93480fcce8af265
sections/2-app-songLib.liquid:
  development: 2018-07-11T16:49:13-05:00   f6dc190bec805d6465bfd846d4db694c
sections/2-musicGift-imageTextOverlay.liquid:
  development: 2018-06-13T10:14:42-05:00   8b373c17bd677820a0054d3fd9bf4b3b
sections/2-musicGift-imageTextOverlay2.liquid:
  development: 2018-06-14T10:28:07-05:00   9e522a225a4c734370db5f25dce04ef3
sections/2-new-header.liquid:
  development: 2018-06-13T12:31:46-05:00   f8cad4d72d7e6194df97f86063de44c7
sections/2-new-image-text.liquid:
  development: 2018-06-22T15:33:09-05:00   6906264a444e4b8e1e6c900dcc641fc6
sections/2-new-imageTextOverlay.liquid:
  development: 2018-07-08T14:41:03-05:00   aca9b6ab52775b948d59bec5bd4efad2
sections/2-new-imageTextOverlay02.liquid:
  development: 2018-07-08T14:54:07-05:00   2f42f98a6cb248d7b4ef856905a08674
sections/2-new-imageTextOverlay03.liquid:
  development: 2018-07-02T16:46:17-05:00   e6a7de73efe3fd25199ed594b13e020a
sections/2-new-imageTextOverlay04.liquid:
  development: 2018-07-10T11:47:31-05:00   10ce22b0deab6ac2240a51cde12ae4df
sections/2-new-imageTextOverlay05.liquid:
  development: 2018-07-10T11:48:30-05:00   72f6a641bb89549bf6ab788423c1ef0a
sections/2-new-imageTextOverlay06.liquid:
  development: 2018-07-10T11:50:02-05:00   09c2098e3e67a857775c05228ca1f9b5
sections/2-new-product-page.liquid:
  development: 2018-07-13T11:35:08-05:00   9cfd5af5666e0ef46ac95c43a635e6e4
sections/2-new-slideshow-2.liquid:
  development: 2018-05-30T15:19:03-05:00   eda46b0f60fb7eab069d5bd94ae6cb2b
sections/2-new-slideshow.liquid:
  development: 2018-07-08T11:53:13-05:00   4cdb83dce3c42a8c57c3d602af901bcf
sections/2-product-feature-tabs.liquid:
  development: 2018-07-15T17:49:29-05:00   c2815041a5d60f08a8ef66e8a7a3c123
sections/2-specifications-2.liquid:
  development: 2018-07-15T14:36:06-05:00   4e57017e9fb383c655d2780928e81e06
sections/2-specifications.liquid:
  development: 2018-06-14T15:38:14-05:00   506afee59803635830f448c316cfc628
sections/2-whyPopulele-doubleV-01.liquid:
  development: 2018-07-10T17:52:35-05:00   43d582da80b99c57d202c83741f179f1
sections/2-whyPopulele-edisonAward.liquid:
  development: 2018-07-15T15:51:06-05:00   a07dc2596bfcef44658bcecce2a18e2f
sections/2-whyPopulele-image-01.liquid:
  development: 2018-06-29T17:52:31-05:00   5ecb9a039d2e2303df07d2ea2157d62e
sections/2-whyPopulele-image-02.liquid:
  development: 2018-07-02T16:55:45-05:00   d3fe7b2abd3c66035c7fce3c5f16bf65
sections/2-whyPopulele-learners-01.liquid:
  development: 2018-07-13T11:18:08-05:00   82f47c61ddd2dbcdcfe755fcd63f30d9
sections/app-alternating-content.liquid:
  development: 2018-03-12T10:20:10-05:00   71b8ea6a7e20a3eb5d15061c929d312d
sections/app-download-badges.liquid:
  development: 2018-03-12T10:20:28-05:00   4e387df3985ae47b0f6cd32da350b136
sections/app-promotion.liquid:
  development: 2018-03-12T10:20:46-05:00   694f2fcc559c74b73ce62048014e1b1a
sections/app-record-and-share.liquid:
  development: 2018-03-12T10:21:05-05:00   4015c0176a49afd581a666244c98ff3c
sections/app-text-columns-with-videos.liquid:
  development: 2018-03-12T10:21:15-05:00   191ea17f1b880e66110e9252aadd2719
sections/bg_video.liquid:
  development: 2018-03-12T10:21:47-05:00   d0709708298c606e012b6f707571db95
sections/customize-crowdfunding.liquid:
  development: 2018-03-12T10:22:05-05:00   2fd5084ebc42c112686c8a3eb9731555
sections/customize-feature-group-icons.liquid:
  development: 2018-03-12T10:22:43-05:00   9eaaa5a276f3a61da2e9968f5443a135
sections/customize-home-testimonials.liquid:
  development: 2018-03-12T10:23:03-05:00   2c894dbb056ab7b7099e90bef744e53c
sections/customize-lights-twinkle.liquid:
  development: 2018-03-12T14:23:33-05:00   4a0c1673906506eb072fcfe9ce70f534
sections/customize-support-icons.liquid:
  development: 2018-03-12T10:23:36-05:00   5393a3f25b02037b0ca174cc608121a4
sections/general-footer.liquid:
  development: 2018-06-26T10:17:25-05:00   477beba59df39586c4a3d6dc2efd8e53
sections/general-header.liquid:
  development: 2018-05-22T15:25:21-05:00   727fc1e1dfef6263687233653df4becc
sections/general-newsletter.liquid:
  development: 2018-03-04T13:35:37-06:00   8a7143e49684ceae09c84969981ebc69
sections/home-alternating-content.liquid:
  development: 2018-06-11T11:30:00-05:00   f5c5d7f9feb226b1769000af9c5cac6b
sections/home-blog-posts.liquid:
  development: 2018-03-04T13:35:37-06:00   460e6285cf6d2a85b7bfeaee53162317
sections/home-collection-list.liquid:
  development: 2018-03-04T13:35:37-06:00   546df01dad2957646cfaf3d616637edb
sections/home-featured-collection.liquid:
  development: 2018-03-04T13:35:37-06:00   477c4ab0070b495f2a1e4985208cb86b
sections/home-featured-product.liquid:
  development: 2018-04-16T11:53:04-05:00   032ca09de0f97c8de7a6ddacb6662384
sections/home-image-with-text-overlay.liquid:
  development: 2018-06-18T10:23:03-05:00   432009ff7b73aae0736c833d5bf1e43f
sections/home-image-with-text.liquid:
  development: 2018-04-27T10:44:50-05:00   dbe4cf54526d8f3bb05b6ecc7f448180
sections/home-instagram.liquid:
  development: 2018-03-04T13:35:37-06:00   4cfbeba317f85c14622293b74e2c0149
sections/home-logo-list.liquid:
  development: 2018-03-04T13:35:37-06:00   d3de1a8920744219a777d389180c9536
sections/home-promotion.liquid:
  development: 2018-03-04T13:35:37-06:00   94972c398084d3eca6fff3e9e2fdef69
sections/home-slideshow.liquid:
  development: 2018-06-14T11:43:52-05:00   1bd39d2a57b8918e297250d29b0994ed
sections/home-testimonials.liquid:
  development: 2018-06-18T10:25:17-05:00   a5b326de9a3e4ba2de1bbd5520ec9623
sections/home-text-2.liquid:
  development: 2018-06-22T12:20:21-05:00   598acf2a860d547bfcf936a660327ebc
sections/home-text-columns-with-images.liquid:
  development: 2018-07-05T10:07:47-05:00   994109ed3af2b9ea163ec649c91d9757
sections/home-text.liquid:
  development: 2018-06-18T10:22:45-05:00   597cf69f40661994df247de499a94838
sections/home-twitter.liquid:
  development: 2018-03-04T13:35:38-06:00   7ac1619a614ac2155b3184438253d8f4
sections/home-video-with-text-overlay.liquid:
  development: 2018-06-11T10:57:21-05:00   4ee847366d0ed06e6ab4f755c79ffc6c
sections/home-video-with-text.liquid:
  development: 2018-03-04T13:35:38-06:00   ae3bafaae83bb3fc06dcc357f934ab5a
sections/mailchimp-newsletter.liquid:
  development: 2018-05-22T09:55:13-05:00   f5e64ea645d5fa979f18b383c7036bf7
sections/module-faq.liquid:
  development: 2018-03-04T13:35:38-06:00   6e0d437e706b5644ce05d211d659b2ba
sections/module-product-slideshow.liquid:
  development: 2018-04-09T09:56:42-05:00   e706995335d36cf41f30cf7425a0d283
sections/module-product.liquid:
  development: 2018-06-06T14:32:24-05:00   dea0e433a2e3874c334e6f3a0591e59e
sections/press-download-assets.liquid:
  development: 2018-05-22T10:11:54-05:00   aeaaf2ef03fb56d9eaf0cf2c61695b65
sections/press-image-with-text-overlay.liquid:
  development: 2018-05-22T10:14:29-05:00   c2ff80b3ddd6ed7136b5f463c4d6637f
sections/press-testimonials.liquid:
  development: 2018-05-22T10:13:15-05:00   a2bc27ff47e7e1cc9a534be3ab6d7618
sections/template-article.liquid:
  development: 2018-03-04T13:35:38-06:00   bdd407e43daed730dc2e80138b1bbc7a
sections/template-blog.liquid:
  development: 2018-03-04T13:35:38-06:00   7b9a3d7e6f9e240c56f4658db228cc3f
sections/template-cart.liquid:
  development: 2018-07-11T16:09:00-05:00   db0c02edb4ef918eed06be35501362d7
sections/template-collection.liquid:
  development: 2018-05-14T16:53:51-05:00   b6c77b08d54280977e1f2384698a9eae
sections/template-list-collections.liquid:
  development: 2018-05-14T16:54:38-05:00   b2643eeabba1012acf10aadfdfce2664
sections/test.liquid:
  development: 2018-06-12T10:47:30-05:00   4116672b2f1d5bd607bf81b56e5619b7
sections/test2.liquid:
  development: 2018-03-09T12:39:48-06:00   0b301e25394a85b18cfc03080d910547
sections/video-alternating-content.liquid:
  development: 2018-03-12T10:25:58-05:00   dbb933f8c0c5a27a713d645ea7d4d7d7
sections/video-image-with-text.liquid:
  development: 2018-03-12T10:26:17-05:00   be41ec17e248ea7b0ef0fdfdf4859fc7
sections/video-lazyLoad-01.liquid:
  development: 2018-06-29T15:56:26-05:00   aaa65a491eec87dcd6a93afb8f4f0bcc
sections/video-lazyLoad-02.liquid:
  development: 2018-06-29T15:56:05-05:00   208924fa477ee72c5af12ba5148884bb
sections/video-lazyLoad-03.liquid:
  development: 2018-06-29T15:55:58-05:00   c2aaab11d526967364c39be7a5e4bc2f
sections/video-lazyLoad-04.liquid:
  development: 2018-06-29T15:55:51-05:00   1e9fe6a00a117108e154cca12c101354
sections/video-lazyLoadAlternating-01.liquid:
  development: 2018-07-12T10:37:50-05:00   41e29308158540eaa2cfdf96f7322735
sections/video-video-with-text-2.liquid:
  development: 2018-06-18T11:24:06-05:00   a7e95fab45107a7be3fab78e1967555e
sections/video-video-with-text.liquid:
  development: 2018-03-12T10:26:33-05:00   1e6f7febe10d33b4c280954924169106
snippets/article-grid-item.liquid:
  development: 2018-03-04T13:35:40-06:00   1bc2b9acb8cb21edee84e7bb582854fc
snippets/article-list-item.liquid:
  development: 2018-03-04T13:35:40-06:00   1f2db58109b876c7ab53bef75d2d129e
snippets/breadcrumbs.liquid:
  development: 2018-03-04T13:35:40-06:00   6f7fdf521c388ef10b12fae3c9c4da96
snippets/collection-list-item.liquid:
  development: 2018-03-04T13:35:40-06:00   5b96d16014df9dbc8b3eefd35e6bdc2d
snippets/fonts.liquid:
  development: 2018-03-04T13:35:40-06:00   c74f30db0c08dc3d10183c4f16177092
snippets/for-looper.liquid:
  development: 2018-03-04T13:35:40-06:00   527e37ca0365fb5b0e04aae22b2d1cfb
snippets/icon-payment-amazon-payments.liquid:
  development: 2018-03-04T13:35:40-06:00   929e1530b537efce210eeeb203f5456e
snippets/icon-payment-american-express.liquid:
  development: 2018-03-04T13:35:40-06:00   27db0a265bfdddf34b06466871e882ab
snippets/icon-payment-apple-pay.liquid:
  development: 2018-03-04T13:35:40-06:00   d8f885282703ff6eb79419166a610b36
snippets/icon-payment-bitcoin.liquid:
  development: 2018-03-04T13:35:40-06:00   f038c329e5741ba1bf490541195ebcfa
snippets/icon-payment-cirrus.liquid:
  development: 2018-03-04T13:35:40-06:00   df453132dbfeb76ebf8aec3e24fff1e9
snippets/icon-payment-dankort.liquid:
  development: 2018-03-04T13:35:40-06:00   1fb69e6f242720a103ff5b2825eb99f9
snippets/icon-payment-diners-club.liquid:
  development: 2018-03-04T13:35:40-06:00   e417b102bc7368885245989da5b5c6f9
snippets/icon-payment-discover.liquid:
  development: 2018-03-04T13:35:40-06:00   b294de980cc3233691deae9eb0ad8565
snippets/icon-payment-dogecoin.liquid:
  development: 2018-03-04T13:35:40-06:00   3af03a2a59279ca3a3504d4e51a16c41
snippets/icon-payment-dwolla.liquid:
  development: 2018-03-04T13:35:40-06:00   80674300075591b5d09a0058240da4ea
snippets/icon-payment-forbrugsforeningen.liquid:
  development: 2018-03-04T13:35:40-06:00   ac0f3bb8eb9e5eab848601e9eead5483
snippets/icon-payment-interac.liquid:
  development: 2018-03-04T13:35:40-06:00   b5c57f5930e6ed1f52c8aa39a166f767
snippets/icon-payment-jcb.liquid:
  development: 2018-03-04T13:35:40-06:00   1a0cba83e20fd1d38d2ebb2021610043
snippets/icon-payment-litecoin.liquid:
  development: 2018-03-04T13:35:41-06:00   d7f4c1e5bfe75b6c70d3d2fcd732ec9d
snippets/icon-payment-maestro.liquid:
  development: 2018-03-04T13:35:41-06:00   9a1a50d755fd09f6f0cc2254ff326e8e
snippets/icon-payment-master.liquid:
  development: 2018-03-04T13:35:41-06:00   49590826ff0a344666564903bfc7e729
snippets/icon-payment-paypal.liquid:
  development: 2018-03-04T13:35:41-06:00   1b07e93b6ad9cc7bddc156dc0cfcb5b4
snippets/icon-payment-shopify-pay.liquid:
  development: 2018-03-04T13:35:41-06:00   85d9ac32ffe7e77238ac2d1205ecaa5c
snippets/icon-payment-stripe.liquid:
  development: 2018-03-04T13:35:41-06:00   c4b3c71d96fe74b7b2e5111500b8ff4b
snippets/icon-payment-visa.liquid:
  development: 2018-03-04T13:35:41-06:00   b005ce39c141e4f2eb98a6da19baa1d7
snippets/icon-plus.liquid:
  development: 2018-03-04T13:35:41-06:00   06a63fcfbfd6df6b7161f36f01df482f
snippets/is-dropdown-or-meganav.liquid:
  development: 2018-03-04T13:35:41-06:00   c0301ffb32ea6c6e276c891d67fb8766
snippets/mailing-list.liquid:
  development: 2018-03-04T13:35:41-06:00   72b99513b28539a42017fc7c21eae340
snippets/navigation-mega-nav.liquid:
  development: 2018-03-04T13:35:41-06:00   bc059533a14918051e2a4c394e858519
snippets/navigation-menu.liquid:
  development: 2018-03-04T13:35:41-06:00   1f9f8e2b38fd49d168e27872791b94d8
snippets/navigation.liquid:
  development: 2018-06-22T10:34:15-05:00   6a116d810c8c3da0d535686c96b42da8
snippets/newsletter.liquid:
  development: 2018-03-04T13:35:41-06:00   9f02c94e45e1b1d46378857d9b3ee75e
snippets/pagination.liquid:
  development: 2018-03-04T13:35:41-06:00   9ce065a3eb654f7b146f54d2c3b43269
snippets/payment-types.liquid:
  development: 2018-03-04T13:35:41-06:00   1b82c8144e4728ebabe7f936ba7c7f5c
snippets/placeholder_svg_uri.liquid:
  development: 2018-03-04T13:35:41-06:00   f6872e1f19ecee8ed0fffa3a46e0f2b6
snippets/product-additional-information.liquid:
  development: 2018-03-04T13:35:41-06:00   1765b1808a369bab8475a63471921fbf
snippets/product-details.liquid:
  development: 2018-06-07T16:19:09-05:00   31d795f66047f8414014f377685e420a
snippets/product-form.liquid:
  development: 2018-06-07T16:42:01-05:00   5906f1afa35ef2dde20d6b5ce3ae6bec
snippets/product-images.liquid:
  development: 2018-03-04T13:35:41-06:00   2825196c0e39cb56703ad9548f913d56
snippets/product-json.liquid:
  development: 2018-03-04T13:35:41-06:00   c99de7be1f24d0a2a33732dae0d5bfee
snippets/product-list-item.liquid:
  development: 2018-03-04T13:35:41-06:00   06b948830890835fc977915fd9290e1d
snippets/product-options-dropdown.liquid:
  development: 2018-03-04T13:35:41-06:00   8eba833d9396031f1c7b86ed198e9718
snippets/product-options-radio.liquid:
  development: 2018-06-06T10:53:10-05:00   3a71f8195abc0b0db2130c371349f08e
snippets/share-buttons.liquid:
  development: 2018-03-04T13:35:41-06:00   a82a0c2691f29dffdfa644c410b2e983
snippets/social-icons.liquid:
  development: 2018-03-04T13:35:41-06:00   0cb227f2f895ad9aefd216d3b9108b4a
snippets/social-meta.liquid:
  development: 2018-03-04T13:35:41-06:00   9f051309ee84d6555ecb7f9c15d919bc
snippets/structured-data.liquid:
  development: 2018-03-04T13:35:41-06:00   78ec5d4b8469ba13a0649a6d9784d79a
snippets/svg-sprite.liquid:
  development: 2018-03-04T13:35:41-06:00   89196daa4fcb4edc9ba0fd471bae1159
snippets/theme-options.liquid:
  development: 2018-03-04T13:35:41-06:00   320de7ec8e765fa23980fafb623295ac
templates/404.liquid:
  development: 2018-03-04T13:35:41-06:00   2f03969613a12936f0bff5714de522cb
templates/article.liquid:
  development: 2018-03-04T13:35:41-06:00   14bcc58c913250f664b9ec44e1ddeb3c
templates/blog.liquid:
  development: 2018-03-04T13:35:41-06:00   091f80300d29d8412402ce3c078cac73
templates/cart.liquid:
  development: 2018-03-04T13:35:41-06:00   d7fa4309528bb537de223cd8361a1480
templates/collection.liquid:
  development: 2018-03-04T13:35:41-06:00   3d124ac96ded1b8cb0b5d067036fe82d
templates/customers/account.liquid:
  development: 2018-03-04T13:35:41-06:00   0ae09e4531b3dd1b23698355f3d3f1b2
templates/customers/activate_account.liquid:
  development: 2018-03-04T13:35:41-06:00   9d440081fe8180f36af59ed557a40931
templates/customers/addresses.liquid:
  development: 2018-03-04T13:35:41-06:00   1b4477c9275ee3a00f0a1487a88ebf67
templates/customers/login.liquid:
  development: 2018-03-04T13:35:41-06:00   2bdf76e6c8acc1847f7094cfad00a795
templates/customers/order.liquid:
  development: 2018-03-04T13:35:41-06:00   4632aa550581144c4e5d55346b3fc329
templates/customers/register.liquid:
  development: 2018-03-04T13:35:41-06:00   966013fc463c5ba07efee7459c03ab46
templates/customers/reset_password.liquid:
  development: 2018-03-04T13:35:41-06:00   dd3a44c1d7cd505cb5d65815cacdc3ec
templates/gift_card.liquid:
  development: 2018-03-04T13:35:41-06:00   42eb49220aabdbc50aba61268b99fab4
templates/index.liquid:
  development: 2018-06-22T10:33:14-05:00   ddce275b2fc578d1a1b960abc37225ae
templates/list-collections.liquid:
  development: 2018-03-04T13:35:41-06:00   1b12a002b4bab278848e90231057f2e3
templates/page.app.liquid:
  development: 2018-07-12T15:05:23-05:00   6195b9f4b4e39633cb60642d04eb9801
templates/page.contact.liquid:
  development: 2018-05-22T10:16:11-05:00   683d4d365dcd7efb37c56ac7f235acbe
templates/page.faq.liquid:
  development: 2018-03-04T13:35:41-06:00   0cb637c20fb58f9b8d1133f2deb6dc9a
templates/page.liquid:
  development: 2018-05-30T17:14:33-05:00   ce3c86cf736b12719433e0b75fd01452
templates/page.music-lovers.liquid:
  development: 2018-06-11T10:50:40-05:00   a4000f65501ed1d542ac01b2f117ea49
templates/page.musical-gift.liquid:
  development: 2018-06-11T14:57:29-05:00   036a24ebe70795af9329e88f2a4c95c6
templates/page.press.liquid:
  development: 2018-05-22T10:14:56-05:00   1134bdf86ccc8a059dbb37e16646526a
templates/page.product.liquid:
  development: 2018-06-20T11:55:09-05:00   dabdd3f814a8f5924263673cd691a206
templates/page.ukulele-learning.liquid:
  development: 2018-06-11T14:04:36-05:00   fc47c390a3cdcfa34c7e349be719becc
templates/page.why-populele.liquid:
  development: 2018-07-13T11:48:36-05:00   6efe6255c3e70b55cf4bd3ef6c592ca6
templates/password.liquid:
  development: 2018-03-04T13:35:41-06:00   3e72125f32324f2ff3399b1de830c8d1
templates/product.liquid:
  development: 2018-05-24T11:19:14-05:00   ef418224dc3e9cf86122add5547d5fac
templates/product.new_product.liquid:
  development: 2018-05-14T16:57:34-05:00   ff2bb90fe2678c0e2c6e8b81eef49413
templates/product.slideshow.liquid:
  development: 2018-04-07T17:09:44-05:00   5c1914702d31ceb0d370725138cc081b
templates/search.liquid:
  development: 2018-03-04T13:35:42-06:00   4a5ddb250b16128a9a8257da409c4e16
