# THIS IS AN AUTOGENERATED FILE. DO NOT EDIT THIS FILE DIRECTLY.
assets/customize.scss.liquid:
  development: 2018-04-18T16:49:23-05:00   47048da6944f4b6d25d3575136031372
assets/gift-card.scss.liquid:
  development: 2018-03-04T13:35:38-06:00   0bb407a81abae03edaf20737e6eecee9
assets/jquery-1.10.0.min.js:
  development: 2018-03-04T13:35:38-06:00   674ac111eba0375a5e9bb7ed247add9e
assets/jquery.cart.min.js:
  development: 2018-03-04T13:35:38-06:00   4f5af6253c0590a20c227dcdaefdf950
assets/jquery.currencies.js:
  development: 2018-03-04T13:35:38-06:00   e762a942cddfee5c6e93502be82fe4d2
assets/loader.js:
  development: 2018-03-06T21:23:15-06:00   0000386354c0d6867d3723f007309321
assets/modernizr-2.7.1.min.js:
  development: 2018-03-04T13:35:39-06:00   e49e67ef07362fcfb0be107f8651f1d9
assets/no-image.png:
  development: 2018-03-04T13:35:39-06:00   dbcf571b95733efe9d94e4701fcc74a7
assets/no-image.svg:
  development: 2018-03-04T13:35:39-06:00   006f60890bb652d46e990d38e5600c15
assets/password.js.liquid:
  development: 2018-03-04T13:35:39-06:00   e757248187cfd4fd90ecfe17be850033
assets/plugins.js:
  development: 2018-04-05T14:05:21-05:00   b4720835f8846dcc3de5f623ae2bf747
assets/singleproductwebicons-regular.eot:
  development: 2018-03-04T13:35:39-06:00   cfadf8b6e9c55e486fba29c09ac2b329
assets/singleproductwebicons-regular.svg:
  development: 2018-03-04T13:35:39-06:00   3b208c35c56a81b278464aaebced7ca5
assets/singleproductwebicons-regular.ttf:
  development: 2018-03-04T13:35:39-06:00   073c9fe8a492a42b99f81cc36449c861
assets/singleproductwebicons-regular.woff:
  development: 2018-03-04T13:35:39-06:00   956068af159fab7807acd819c1c4a0c9
assets/socicon-webfont.eot:
  development: 2018-03-04T13:35:39-06:00   05cd0d5234cf9a02d181eedbdc8f5bc9
assets/socicon-webfont.svg:
  development: 2018-03-04T13:35:39-06:00   e299b1ea365bd18d896942d63b9769c5
assets/socicon-webfont.ttf:
  development: 2018-03-04T13:35:40-06:00   baff6b4bb622ae997add5b9db5bd1bc0
assets/socicon-webfont.woff:
  development: 2018-03-04T13:35:40-06:00   16b5db2f0474388f29b3d05fcf3621aa
assets/theme.js.liquid:
  development: 2018-04-15T14:28:45-05:00   8d2bf0827b426ecb0d547c43bdb76af2
assets/theme.scss.liquid:
  development: 2018-04-15T16:16:16-05:00   dbb5953089be819694985d8aef7f4233
config/settings_data.json:
  development: 2018-04-16T11:53:10-05:00   83bacd699727453e05a762d52b9a6ac3
config/settings_schema.json:
  development: 2018-03-04T13:35:42-06:00   f4ec663a254896ea2eb81dd353c17604
layout/theme.liquid:
  development: 2018-03-08T13:45:25-06:00   3021e78deca066be8b221372cd197236
locales/en.default.json:
  development: 2018-04-16T12:30:05-05:00   d26c5a3097faac39f70edacdd0ecc4fd
sections/1-NewButtonLightsTwinkle.liquid:
  development: 2018-03-26T12:16:19-05:00   e5b486d5c859ad3b741595bcced8380b
sections/1-accordion_2.liquid:
  development: 2018-04-18T10:39:54-05:00   131fc0d13740059e6387ca997d04bef4
sections/1-flexbox-accordion.liquid:
  development: 2018-04-06T11:47:14-05:00   9c7093e3e01ab3956d7709c9fae1ebd6
sections/1-newTestimonials.liquid:
  development: 2018-04-18T12:24:24-05:00   887d7dd068d4313b6a20a018a77308b9
sections/1-newbutton-ImgTextOverlay.liquid:
  development: 2018-04-05T14:37:57-05:00   bf35bd8cf334af1be96329a7e1d30e4d
sections/1-popup_iframVideo.liquid:
  development: 2018-04-15T13:33:20-05:00   ba6df886ba01ffe564a2f705c13bb85b
sections/1-split-screen.liquid:
  development: 2018-04-02T10:02:18-05:00   12d47a4559ce4aaaa0d4da84b7837668
sections/1-testimonials_test.liquid:
  development: 2018-04-16T10:55:40-05:00   de0d10301ee3399196abff2d0d2a4ed4
sections/app-alternating-content.liquid:
  development: 2018-03-12T10:20:10-05:00   71b8ea6a7e20a3eb5d15061c929d312d
sections/app-download-badges.liquid:
  development: 2018-03-12T10:20:28-05:00   4e387df3985ae47b0f6cd32da350b136
sections/app-promotion.liquid:
  development: 2018-03-12T10:20:46-05:00   694f2fcc559c74b73ce62048014e1b1a
sections/app-record-and-share.liquid:
  development: 2018-03-12T10:21:05-05:00   4015c0176a49afd581a666244c98ff3c
sections/app-text-columns-with-videos.liquid:
  development: 2018-03-12T10:21:15-05:00   191ea17f1b880e66110e9252aadd2719
sections/bg_video.liquid:
  development: 2018-03-12T10:21:47-05:00   d0709708298c606e012b6f707571db95
sections/customize-crowdfunding.liquid:
  development: 2018-03-12T10:22:05-05:00   2fd5084ebc42c112686c8a3eb9731555
sections/customize-feature-group-icons.liquid:
  development: 2018-03-12T10:22:43-05:00   9eaaa5a276f3a61da2e9968f5443a135
sections/customize-home-testimonials.liquid:
  development: 2018-03-12T10:23:03-05:00   2c894dbb056ab7b7099e90bef744e53c
sections/customize-lights-twinkle.liquid:
  development: 2018-03-12T14:23:33-05:00   4a0c1673906506eb072fcfe9ce70f534
sections/customize-support-icons.liquid:
  development: 2018-03-12T10:23:36-05:00   5393a3f25b02037b0ca174cc608121a4
sections/general-footer.liquid:
  development: 2018-04-16T12:29:42-05:00   1cb7057e4bf24256fba908141170327b
sections/general-header.liquid:
  development: 2018-04-15T17:05:11-05:00   c6a0d989f9999af64de2bbd851628c9a
sections/general-newsletter.liquid:
  development: 2018-03-04T13:35:37-06:00   8a7143e49684ceae09c84969981ebc69
sections/home-alternating-content.liquid:
  development: 2018-03-04T13:35:37-06:00   2ab1b1d5c2cf97ad3ee58c1ccb3d3996
sections/home-blog-posts.liquid:
  development: 2018-03-04T13:35:37-06:00   460e6285cf6d2a85b7bfeaee53162317
sections/home-collection-list.liquid:
  development: 2018-03-04T13:35:37-06:00   546df01dad2957646cfaf3d616637edb
sections/home-featured-collection.liquid:
  development: 2018-03-04T13:35:37-06:00   477c4ab0070b495f2a1e4985208cb86b
sections/home-featured-product.liquid:
  development: 2018-04-16T11:53:04-05:00   032ca09de0f97c8de7a6ddacb6662384
sections/home-image-with-text-overlay.liquid:
  development: 2018-03-26T09:58:50-05:00   36ab9200dd7af0cca8fa530e0bdd4074
sections/home-image-with-text.liquid:
  development: 2018-03-26T09:54:45-05:00   dbe4cf54526d8f3bb05b6ecc7f448180
sections/home-instagram.liquid:
  development: 2018-03-04T13:35:37-06:00   4cfbeba317f85c14622293b74e2c0149
sections/home-logo-list.liquid:
  development: 2018-03-04T13:35:37-06:00   d3de1a8920744219a777d389180c9536
sections/home-promotion.liquid:
  development: 2018-03-04T13:35:37-06:00   94972c398084d3eca6fff3e9e2fdef69
sections/home-slideshow.liquid:
  development: 2018-03-04T13:35:37-06:00   bb8c8b2707e86e15620784d5d0ffda85
sections/home-testimonials.liquid:
  development: 2018-04-09T11:26:58-05:00   a5b326de9a3e4ba2de1bbd5520ec9623
sections/home-text-columns-with-images.liquid:
  development: 2018-03-04T13:35:37-06:00   c113b8905c51bc5b8fec15753cda90b0
sections/home-text.liquid:
  development: 2018-03-04T13:35:38-06:00   597cf69f40661994df247de499a94838
sections/home-twitter.liquid:
  development: 2018-03-04T13:35:38-06:00   7ac1619a614ac2155b3184438253d8f4
sections/home-video-with-text-overlay.liquid:
  development: 2018-03-04T13:35:38-06:00   64b56d54a7a6cea8ac4f52189d304fb9
sections/home-video-with-text.liquid:
  development: 2018-03-04T13:35:38-06:00   ae3bafaae83bb3fc06dcc357f934ab5a
sections/module-faq.liquid:
  development: 2018-03-04T13:35:38-06:00   6e0d437e706b5644ce05d211d659b2ba
sections/module-product-slideshow.liquid:
  development: 2018-04-09T09:56:42-05:00   e706995335d36cf41f30cf7425a0d283
sections/module-product.liquid:
  development: 2018-04-09T10:50:05-05:00   4b503e251bd6051c4f0e5facfaca6abe
sections/template-article.liquid:
  development: 2018-03-04T13:35:38-06:00   bdd407e43daed730dc2e80138b1bbc7a
sections/template-blog.liquid:
  development: 2018-03-04T13:35:38-06:00   7b9a3d7e6f9e240c56f4658db228cc3f
sections/template-cart.liquid:
  development: 2018-04-16T11:44:28-05:00   d0ee71505f2764fd17a13b44f3972571
sections/template-collection.liquid:
  development: 2018-04-09T10:34:49-05:00   98f6c07ccee6eb5f3c462bbb56c3db57
sections/template-list-collections.liquid:
  development: 2018-04-09T10:37:52-05:00   b2643eeabba1012acf10aadfdfce2664
sections/test.liquid:
  development: 2018-04-05T14:17:03-05:00   5f60195f31f5d50753c1cf34ca8fd496
sections/test2.liquid:
  development: 2018-03-09T12:39:48-06:00   0b301e25394a85b18cfc03080d910547
sections/video-alternating-content.liquid:
  development: 2018-03-12T10:25:58-05:00   dbb933f8c0c5a27a713d645ea7d4d7d7
sections/video-image-with-text.liquid:
  development: 2018-03-12T10:26:17-05:00   be41ec17e248ea7b0ef0fdfdf4859fc7
sections/video-video-with-text.liquid:
  development: 2018-03-12T10:26:33-05:00   1e6f7febe10d33b4c280954924169106
snippets/article-grid-item.liquid:
  development: 2018-03-04T13:35:40-06:00   1bc2b9acb8cb21edee84e7bb582854fc
snippets/article-list-item.liquid:
  development: 2018-03-04T13:35:40-06:00   1f2db58109b876c7ab53bef75d2d129e
snippets/breadcrumbs.liquid:
  development: 2018-03-04T13:35:40-06:00   6f7fdf521c388ef10b12fae3c9c4da96
snippets/collection-list-item.liquid:
  development: 2018-03-04T13:35:40-06:00   5b96d16014df9dbc8b3eefd35e6bdc2d
snippets/fonts.liquid:
  development: 2018-03-04T13:35:40-06:00   c74f30db0c08dc3d10183c4f16177092
snippets/for-looper.liquid:
  development: 2018-03-04T13:35:40-06:00   527e37ca0365fb5b0e04aae22b2d1cfb
snippets/icon-payment-amazon-payments.liquid:
  development: 2018-03-04T13:35:40-06:00   929e1530b537efce210eeeb203f5456e
snippets/icon-payment-american-express.liquid:
  development: 2018-03-04T13:35:40-06:00   27db0a265bfdddf34b06466871e882ab
snippets/icon-payment-apple-pay.liquid:
  development: 2018-03-04T13:35:40-06:00   d8f885282703ff6eb79419166a610b36
snippets/icon-payment-bitcoin.liquid:
  development: 2018-03-04T13:35:40-06:00   f038c329e5741ba1bf490541195ebcfa
snippets/icon-payment-cirrus.liquid:
  development: 2018-03-04T13:35:40-06:00   df453132dbfeb76ebf8aec3e24fff1e9
snippets/icon-payment-dankort.liquid:
  development: 2018-03-04T13:35:40-06:00   1fb69e6f242720a103ff5b2825eb99f9
snippets/icon-payment-diners-club.liquid:
  development: 2018-03-04T13:35:40-06:00   e417b102bc7368885245989da5b5c6f9
snippets/icon-payment-discover.liquid:
  development: 2018-03-04T13:35:40-06:00   b294de980cc3233691deae9eb0ad8565
snippets/icon-payment-dogecoin.liquid:
  development: 2018-03-04T13:35:40-06:00   3af03a2a59279ca3a3504d4e51a16c41
snippets/icon-payment-dwolla.liquid:
  development: 2018-03-04T13:35:40-06:00   80674300075591b5d09a0058240da4ea
snippets/icon-payment-forbrugsforeningen.liquid:
  development: 2018-03-04T13:35:40-06:00   ac0f3bb8eb9e5eab848601e9eead5483
snippets/icon-payment-interac.liquid:
  development: 2018-03-04T13:35:40-06:00   b5c57f5930e6ed1f52c8aa39a166f767
snippets/icon-payment-jcb.liquid:
  development: 2018-03-04T13:35:40-06:00   1a0cba83e20fd1d38d2ebb2021610043
snippets/icon-payment-litecoin.liquid:
  development: 2018-03-04T13:35:41-06:00   d7f4c1e5bfe75b6c70d3d2fcd732ec9d
snippets/icon-payment-maestro.liquid:
  development: 2018-03-04T13:35:41-06:00   9a1a50d755fd09f6f0cc2254ff326e8e
snippets/icon-payment-master.liquid:
  development: 2018-03-04T13:35:41-06:00   49590826ff0a344666564903bfc7e729
snippets/icon-payment-paypal.liquid:
  development: 2018-03-04T13:35:41-06:00   1b07e93b6ad9cc7bddc156dc0cfcb5b4
snippets/icon-payment-shopify-pay.liquid:
  development: 2018-03-04T13:35:41-06:00   85d9ac32ffe7e77238ac2d1205ecaa5c
snippets/icon-payment-stripe.liquid:
  development: 2018-03-04T13:35:41-06:00   c4b3c71d96fe74b7b2e5111500b8ff4b
snippets/icon-payment-visa.liquid:
  development: 2018-03-04T13:35:41-06:00   b005ce39c141e4f2eb98a6da19baa1d7
snippets/icon-plus.liquid:
  development: 2018-03-04T13:35:41-06:00   06a63fcfbfd6df6b7161f36f01df482f
snippets/is-dropdown-or-meganav.liquid:
  development: 2018-03-04T13:35:41-06:00   c0301ffb32ea6c6e276c891d67fb8766
snippets/mailing-list.liquid:
  development: 2018-03-04T13:35:41-06:00   72b99513b28539a42017fc7c21eae340
snippets/navigation-mega-nav.liquid:
  development: 2018-03-04T13:35:41-06:00   bc059533a14918051e2a4c394e858519
snippets/navigation-menu.liquid:
  development: 2018-03-04T13:35:41-06:00   1f9f8e2b38fd49d168e27872791b94d8
snippets/navigation.liquid:
  development: 2018-03-04T13:35:41-06:00   f7a68e58840381ff4cb698c858f4d46a
snippets/newsletter.liquid:
  development: 2018-03-04T13:35:41-06:00   9f02c94e45e1b1d46378857d9b3ee75e
snippets/pagination.liquid:
  development: 2018-03-04T13:35:41-06:00   9ce065a3eb654f7b146f54d2c3b43269
snippets/payment-types.liquid:
  development: 2018-03-04T13:35:41-06:00   1b82c8144e4728ebabe7f936ba7c7f5c
snippets/placeholder_svg_uri.liquid:
  development: 2018-03-04T13:35:41-06:00   f6872e1f19ecee8ed0fffa3a46e0f2b6
snippets/product-additional-information.liquid:
  development: 2018-03-04T13:35:41-06:00   1765b1808a369bab8475a63471921fbf
snippets/product-details.liquid:
  development: 2018-03-04T13:35:41-06:00   92f5e3c2e5ff5f0b0793852f8bc08226
snippets/product-form.liquid:
  development: 2018-03-04T13:35:41-06:00   6f9df5f84e2f2976cda6c686dad3139a
snippets/product-images.liquid:
  development: 2018-03-04T13:35:41-06:00   2825196c0e39cb56703ad9548f913d56
snippets/product-json.liquid:
  development: 2018-03-04T13:35:41-06:00   c99de7be1f24d0a2a33732dae0d5bfee
snippets/product-list-item.liquid:
  development: 2018-03-04T13:35:41-06:00   06b948830890835fc977915fd9290e1d
snippets/product-options-dropdown.liquid:
  development: 2018-03-04T13:35:41-06:00   8eba833d9396031f1c7b86ed198e9718
snippets/product-options-radio.liquid:
  development: 2018-03-04T13:35:41-06:00   93132581fc7f3386dbf0cfdcac5b23a0
snippets/share-buttons.liquid:
  development: 2018-03-04T13:35:41-06:00   a82a0c2691f29dffdfa644c410b2e983
snippets/social-icons.liquid:
  development: 2018-03-04T13:35:41-06:00   0cb227f2f895ad9aefd216d3b9108b4a
snippets/social-meta.liquid:
  development: 2018-03-04T13:35:41-06:00   9f051309ee84d6555ecb7f9c15d919bc
snippets/structured-data.liquid:
  development: 2018-03-04T13:35:41-06:00   78ec5d4b8469ba13a0649a6d9784d79a
snippets/svg-sprite.liquid:
  development: 2018-03-04T13:35:41-06:00   89196daa4fcb4edc9ba0fd471bae1159
snippets/theme-options.liquid:
  development: 2018-03-04T13:35:41-06:00   320de7ec8e765fa23980fafb623295ac
templates/404.liquid:
  development: 2018-03-04T13:35:41-06:00   2f03969613a12936f0bff5714de522cb
templates/article.liquid:
  development: 2018-03-04T13:35:41-06:00   14bcc58c913250f664b9ec44e1ddeb3c
templates/blog.liquid:
  development: 2018-03-04T13:35:41-06:00   091f80300d29d8412402ce3c078cac73
templates/cart.liquid:
  development: 2018-03-04T13:35:41-06:00   d7fa4309528bb537de223cd8361a1480
templates/collection.liquid:
  development: 2018-03-04T13:35:41-06:00   3d124ac96ded1b8cb0b5d067036fe82d
templates/customers/account.liquid:
  development: 2018-03-04T13:35:41-06:00   0ae09e4531b3dd1b23698355f3d3f1b2
templates/customers/activate_account.liquid:
  development: 2018-03-04T13:35:41-06:00   9d440081fe8180f36af59ed557a40931
templates/customers/addresses.liquid:
  development: 2018-03-04T13:35:41-06:00   1b4477c9275ee3a00f0a1487a88ebf67
templates/customers/login.liquid:
  development: 2018-03-04T13:35:41-06:00   2bdf76e6c8acc1847f7094cfad00a795
templates/customers/order.liquid:
  development: 2018-03-04T13:35:41-06:00   4632aa550581144c4e5d55346b3fc329
templates/customers/register.liquid:
  development: 2018-03-04T13:35:41-06:00   966013fc463c5ba07efee7459c03ab46
templates/customers/reset_password.liquid:
  development: 2018-03-04T13:35:41-06:00   dd3a44c1d7cd505cb5d65815cacdc3ec
templates/gift_card.liquid:
  development: 2018-03-04T13:35:41-06:00   42eb49220aabdbc50aba61268b99fab4
templates/index.liquid:
  development: 2018-03-26T11:54:46-05:00   e660b088f109f6fd5bd60ed8946a9625
templates/list-collections.liquid:
  development: 2018-03-04T13:35:41-06:00   1b12a002b4bab278848e90231057f2e3
templates/page.app.liquid:
  development: 2018-04-16T11:53:55-05:00   d7d92997968fbb28a9bd71acd14602fd
templates/page.contact.liquid:
  development: 2018-03-04T13:35:41-06:00   4894a9df21196a9edd70968e639cfbf8
templates/page.faq.liquid:
  development: 2018-03-04T13:35:41-06:00   0cb637c20fb58f9b8d1133f2deb6dc9a
templates/page.liquid:
  development: 2018-03-04T13:35:41-06:00   93a135a837fd7f4b7c50d9dea02cd1a2
templates/page.populele_app.liquid:
  development: 2018-03-28T11:44:41-05:00   ab7e5b511e1bb2dcac4eb12802a1f472
templates/password.liquid:
  development: 2018-03-04T13:35:41-06:00   3e72125f32324f2ff3399b1de830c8d1
templates/product.liquid:
  development: 2018-04-09T10:33:42-05:00   8ab5920188365c37e6ffa317e461a458
templates/product.slideshow.liquid:
  development: 2018-04-07T17:09:44-05:00   5c1914702d31ceb0d370725138cc081b
templates/search.liquid:
  development: 2018-03-04T13:35:42-06:00   4a5ddb250b16128a9a8257da409c4e16
